
Microsoft Visual Studio Solution File, Format Version 12.00
# Visual Studio Version 16
VisualStudioVersion = 16.0.32929.386
MinimumVisualStudioVersion = 10.0.40219.1
Project("{FAE04EC0-301F-11D3-BF4B-00C04F79EFBC}") = "LinqPractice", "LinqPractice\LinqPractice.csproj", "{7C9A4EDF-9C30-4F64-B215-0DECA9A4F010}"
EndProject
Global
	GlobalSection(SolutionConfigurationPlatforms) = preSolution
		Debug|Any CPU = Debug|Any CPU
		Release|Any CPU = Release|Any CPU
	EndGlobalSection
	GlobalSection(ProjectConfigurationPlatforms) = postSolution
		{7C9A4EDF-9C30-4F64-B215-0DECA9A4F010}.Debug|Any CPU.ActiveCfg = Debug|Any CPU
		{7C9A4EDF-9C30-4F64-B215-0DECA9A4F010}.Debug|Any CPU.Build.0 = Debug|Any CPU
		{7C9A4EDF-9C30-4F64-B215-0DECA9A4F010}.Release|Any CPU.ActiveCfg = Release|Any CPU
		{7C9A4EDF-9C30-4F64-B215-0DECA9A4F010}.Release|Any CPU.Build.0 = Release|Any CPU
	EndGlobalSection
	GlobalSection(SolutionProperties) = preSolution
		HideSolutionNode = FALSE
	EndGlobalSection
	GlobalSection(ExtensibilityGlobals) = postSolution
		SolutionGuid = {3343D581-A2AB-467B-B6BD-EB47667FDBC5}
	EndGlobalSection
EndGlobal
